<Solution>
  <Folder Name="/src/">
    <Project Path="src/GameGameGame.Console/GameGameGame.Console.csproj" />
    <Project Path="src/GameGameGame.Core/GameGameGame.Core.csproj" />
  </Folder>
  <Folder Name="/tests/">
    <Project Path="tests/GameGameGame.Tests/GameGameGame.Tests.csproj" />
  </Folder>
</Solution>
