
Microsoft Visual Studio Solution File, Format Version 12.00
# Visual Studio Version 17
VisualStudioVersion = 17.0.31903.59
MinimumVisualStudioVersion = 10.0.40219.1
Project("{2150E333-8FDC-42A3-9474-1A3956D46DE8}") = "src", "src", "{827E0CD3-B72D-47B6-A68D-7590B98EB39B}"
EndProject
Project("{FAE04EC0-301F-11D3-BF4B-00C04F79EFBC}") = "GameGameGame.Core", "src\GameGameGame.Core\GameGameGame.Core.csproj", "{6B9EEEC5-03F9-49CC-AA67-EC0D74984810}"
EndProject
Project("{FAE04EC0-301F-11D3-BF4B-00C04F79EFBC}") = "GameGameGame.Content", "src\GameGameGame.Content\GameGameGame.Content.csproj", "{B8AEE806-05C4-49BA-863B-4EBF3419030E}"
EndProject
Project("{FAE04EC0-301F-11D3-BF4B-00C04F79EFBC}") = "GameGameGame.Content.Tools", "src\GameGameGame.Content.Tools\GameGameGame.Content.Tools.csproj", "{BD05FC7A-47B4-4DD8-82FC-B6972BA20ADD}"
EndProject
Project("{FAE04EC0-301F-11D3-BF4B-00C04F79EFBC}") = "GameGameGame.Documentation", "src\GameGameGame.Documentation\GameGameGame.Documentation.csproj", "{A6D4783D-9FBC-4452-AFE9-DD0FE504C1FF}"
EndProject
Project("{FAE04EC0-301F-11D3-BF4B-00C04F79EFBC}") = "GameGameGame.Headless", "src\GameGameGame.Headless\GameGameGame.Headless.csproj", "{227149E3-73AE-4422-BC6D-47EA4322D9C5}"
EndProject
Project("{2150E333-8FDC-42A3-9474-1A3956D46DE8}") = "tests", "tests", "{0AB3BF05-4346-4AA6-1389-037BE0695223}"
EndProject
Project("{FAE04EC0-301F-11D3-BF4B-00C04F79EFBC}") = "GameGameGame.Tests", "tests\GameGameGame.Tests\GameGameGame.Tests.csproj", "{9E35EB09-87F5-4443-8633-F8487F987EAC}"
EndProject
Project("{FAE04EC0-301F-11D3-BF4B-00C04F79EFBC}") = "GameGameGame.Documentation.Tests", "tests\GameGameGame.Documentation.Tests\GameGameGame.Documentation.Tests.csproj", "{DAF613D1-18FF-4923-B295-23377F8B441E}"
EndProject
Project("{FAE04EC0-301F-11D3-BF4B-00C04F79EFBC}") = "GameGameGame.Frontend.SadConsole", "src\GameGameGame.Frontend.SadConsole\GameGameGame.Frontend.SadConsole.csproj", "{A65E6EBE-DE0B-40D1-B921-C3C1B7C32587}"
EndProject
Project("{FAE04EC0-301F-11D3-BF4B-00C04F79EFBC}") = "GameGameGame.Frontend.SadConsole.Tests", "tests\GameGameGame.Frontend.SadConsole.Tests\GameGameGame.Frontend.SadConsole.Tests.csproj", "{9D370601-1966-469C-9DF9-E7225FD03778}"
EndProject
Global
	GlobalSection(SolutionConfigurationPlatforms) = preSolution
		Debug|Any CPU = Debug|Any CPU
		Debug|x64 = Debug|x64
		Debug|x86 = Debug|x86
		Release|Any CPU = Release|Any CPU
		Release|x64 = Release|x64
		Release|x86 = Release|x86
	EndGlobalSection
	GlobalSection(ProjectConfigurationPlatforms) = postSolution
		{6B9EEEC5-03F9-49CC-AA67-EC0D74984810}.Debug|Any CPU.ActiveCfg = Debug|Any CPU
		{6B9EEEC5-03F9-49CC-AA67-EC0D74984810}.Debug|Any CPU.Build.0 = Debug|Any CPU
		{6B9EEEC5-03F9-49CC-AA67-EC0D74984810}.Debug|x64.ActiveCfg = Debug|Any CPU
		{6B9EEEC5-03F9-49CC-AA67-EC0D74984810}.Debug|x64.Build.0 = Debug|Any CPU
		{6B9EEEC5-03F9-49CC-AA67-EC0D74984810}.Debug|x86.ActiveCfg = Debug|Any CPU
		{6B9EEEC5-03F9-49CC-AA67-EC0D74984810}.Debug|x86.Build.0 = Debug|Any CPU
		{6B9EEEC5-03F9-49CC-AA67-EC0D74984810}.Release|Any CPU.ActiveCfg = Release|Any CPU
		{6B9EEEC5-03F9-49CC-AA67-EC0D74984810}.Release|Any CPU.Build.0 = Release|Any CPU
		{6B9EEEC5-03F9-49CC-AA67-EC0D74984810}.Release|x64.ActiveCfg = Release|Any CPU
		{6B9EEEC5-03F9-49CC-AA67-EC0D74984810}.Release|x64.Build.0 = Release|Any CPU
		{6B9EEEC5-03F9-49CC-AA67-EC0D74984810}.Release|x86.ActiveCfg = Release|Any CPU
		{6B9EEEC5-03F9-49CC-AA67-EC0D74984810}.Release|x86.Build.0 = Release|Any CPU
		{B8AEE806-05C4-49BA-863B-4EBF3419030E}.Debug|Any CPU.ActiveCfg = Debug|Any CPU
		{B8AEE806-05C4-49BA-863B-4EBF3419030E}.Debug|Any CPU.Build.0 = Debug|Any CPU
		{B8AEE806-05C4-49BA-863B-4EBF3419030E}.Debug|x64.ActiveCfg = Debug|Any CPU
		{B8AEE806-05C4-49BA-863B-4EBF3419030E}.Debug|x64.Build.0 = Debug|Any CPU
		{B8AEE806-05C4-49BA-863B-4EBF3419030E}.Debug|x86.ActiveCfg = Debug|Any CPU
		{B8AEE806-05C4-49BA-863B-4EBF3419030E}.Debug|x86.Build.0 = Debug|Any CPU
		{B8AEE806-05C4-49BA-863B-4EBF3419030E}.Release|Any CPU.ActiveCfg = Release|Any CPU
		{B8AEE806-05C4-49BA-863B-4EBF3419030E}.Release|Any CPU.Build.0 = Release|Any CPU
		{B8AEE806-05C4-49BA-863B-4EBF3419030E}.Release|x64.ActiveCfg = Release|Any CPU
		{B8AEE806-05C4-49BA-863B-4EBF3419030E}.Release|x64.Build.0 = Release|Any CPU
		{B8AEE806-05C4-49BA-863B-4EBF3419030E}.Release|x86.ActiveCfg = Release|Any CPU
		{B8AEE806-05C4-49BA-863B-4EBF3419030E}.Release|x86.Build.0 = Release|Any CPU
		{BD05FC7A-47B4-4DD8-82FC-B6972BA20ADD}.Debug|Any CPU.ActiveCfg = Debug|Any CPU
		{BD05FC7A-47B4-4DD8-82FC-B6972BA20ADD}.Debug|Any CPU.Build.0 = Debug|Any CPU
		{BD05FC7A-47B4-4DD8-82FC-B6972BA20ADD}.Debug|x64.ActiveCfg = Debug|Any CPU
		{BD05FC7A-47B4-4DD8-82FC-B6972BA20ADD}.Debug|x64.Build.0 = Debug|Any CPU
		{BD05FC7A-47B4-4DD8-82FC-B6972BA20ADD}.Debug|x86.ActiveCfg = Debug|Any CPU
		{BD05FC7A-47B4-4DD8-82FC-B6972BA20ADD}.Debug|x86.Build.0 = Debug|Any CPU
		{BD05FC7A-47B4-4DD8-82FC-B6972BA20ADD}.Release|Any CPU.ActiveCfg = Release|Any CPU
		{BD05FC7A-47B4-4DD8-82FC-B6972BA20ADD}.Release|Any CPU.Build.0 = Release|Any CPU
		{BD05FC7A-47B4-4DD8-82FC-B6972BA20ADD}.Release|x64.ActiveCfg = Release|Any CPU
		{BD05FC7A-47B4-4DD8-82FC-B6972BA20ADD}.Release|x64.Build.0 = Release|Any CPU
		{BD05FC7A-47B4-4DD8-82FC-B6972BA20ADD}.Release|x86.ActiveCfg = Release|Any CPU
		{BD05FC7A-47B4-4DD8-82FC-B6972BA20ADD}.Release|x86.Build.0 = Release|Any CPU
		{A6D4783D-9FBC-4452-AFE9-DD0FE504C1FF}.Debug|Any CPU.ActiveCfg = Debug|Any CPU
		{A6D4783D-9FBC-4452-AFE9-DD0FE504C1FF}.Debug|Any CPU.Build.0 = Debug|Any CPU
		{A6D4783D-9FBC-4452-AFE9-DD0FE504C1FF}.Debug|x64.ActiveCfg = Debug|Any CPU
		{A6D4783D-9FBC-4452-AFE9-DD0FE504C1FF}.Debug|x64.Build.0 = Debug|Any CPU
		{A6D4783D-9FBC-4452-AFE9-DD0FE504C1FF}.Debug|x86.ActiveCfg = Debug|Any CPU
		{A6D4783D-9FBC-4452-AFE9-DD0FE504C1FF}.Debug|x86.Build.0 = Debug|Any CPU
		{A6D4783D-9FBC-4452-AFE9-DD0FE504C1FF}.Release|Any CPU.ActiveCfg = Release|Any CPU
		{A6D4783D-9FBC-4452-AFE9-DD0FE504C1FF}.Release|Any CPU.Build.0 = Release|Any CPU
		{A6D4783D-9FBC-4452-AFE9-DD0FE504C1FF}.Release|x64.ActiveCfg = Release|Any CPU
		{A6D4783D-9FBC-4452-AFE9-DD0FE504C1FF}.Release|x64.Build.0 = Release|Any CPU
		{A6D4783D-9FBC-4452-AFE9-DD0FE504C1FF}.Release|x86.ActiveCfg = Release|Any CPU
		{A6D4783D-9FBC-4452-AFE9-DD0FE504C1FF}.Release|x86.Build.0 = Release|Any CPU
		{227149E3-73AE-4422-BC6D-47EA4322D9C5}.Debug|Any CPU.ActiveCfg = Debug|Any CPU
		{227149E3-73AE-4422-BC6D-47EA4322D9C5}.Debug|Any CPU.Build.0 = Debug|Any CPU
		{227149E3-73AE-4422-BC6D-47EA4322D9C5}.Debug|x64.ActiveCfg = Debug|Any CPU
		{227149E3-73AE-4422-BC6D-47EA4322D9C5}.Debug|x64.Build.0 = Debug|Any CPU
		{227149E3-73AE-4422-BC6D-47EA4322D9C5}.Debug|x86.ActiveCfg = Debug|Any CPU
		{227149E3-73AE-4422-BC6D-47EA4322D9C5}.Debug|x86.Build.0 = Debug|Any CPU
		{227149E3-73AE-4422-BC6D-47EA4322D9C5}.Release|Any CPU.ActiveCfg = Release|Any CPU
		{227149E3-73AE-4422-BC6D-47EA4322D9C5}.Release|Any CPU.Build.0 = Release|Any CPU
		{227149E3-73AE-4422-BC6D-47EA4322D9C5}.Release|x64.ActiveCfg = Release|Any CPU
		{227149E3-73AE-4422-BC6D-47EA4322D9C5}.Release|x64.Build.0 = Release|Any CPU
		{227149E3-73AE-4422-BC6D-47EA4322D9C5}.Release|x86.ActiveCfg = Release|Any CPU
		{227149E3-73AE-4422-BC6D-47EA4322D9C5}.Release|x86.Build.0 = Release|Any CPU
		{9E35EB09-87F5-4443-8633-F8487F987EAC}.Debug|Any CPU.ActiveCfg = Debug|Any CPU
		{9E35EB09-87F5-4443-8633-F8487F987EAC}.Debug|Any CPU.Build.0 = Debug|Any CPU
		{9E35EB09-87F5-4443-8633-F8487F987EAC}.Debug|x64.ActiveCfg = Debug|Any CPU
		{9E35EB09-87F5-4443-8633-F8487F987EAC}.Debug|x64.Build.0 = Debug|Any CPU
		{9E35EB09-87F5-4443-8633-F8487F987EAC}.Debug|x86.ActiveCfg = Debug|Any CPU
		{9E35EB09-87F5-4443-8633-F8487F987EAC}.Debug|x86.Build.0 = Debug|Any CPU
		{9E35EB09-87F5-4443-8633-F8487F987EAC}.Release|Any CPU.ActiveCfg = Release|Any CPU
		{9E35EB09-87F5-4443-8633-F8487F987EAC}.Release|Any CPU.Build.0 = Release|Any CPU
		{9E35EB09-87F5-4443-8633-F8487F987EAC}.Release|x64.ActiveCfg = Release|Any CPU
		{9E35EB09-87F5-4443-8633-F8487F987EAC}.Release|x64.Build.0 = Release|Any CPU
		{9E35EB09-87F5-4443-8633-F8487F987EAC}.Release|x86.ActiveCfg = Release|Any CPU
		{9E35EB09-87F5-4443-8633-F8487F987EAC}.Release|x86.Build.0 = Release|Any CPU
		{DAF613D1-18FF-4923-B295-23377F8B441E}.Debug|Any CPU.ActiveCfg = Debug|Any CPU
		{DAF613D1-18FF-4923-B295-23377F8B441E}.Debug|Any CPU.Build.0 = Debug|Any CPU
		{DAF613D1-18FF-4923-B295-23377F8B441E}.Debug|x64.ActiveCfg = Debug|Any CPU
		{DAF613D1-18FF-4923-B295-23377F8B441E}.Debug|x64.Build.0 = Debug|Any CPU
		{DAF613D1-18FF-4923-B295-23377F8B441E}.Debug|x86.ActiveCfg = Debug|Any CPU
		{DAF613D1-18FF-4923-B295-23377F8B441E}.Debug|x86.Build.0 = Debug|Any CPU
		{DAF613D1-18FF-4923-B295-23377F8B441E}.Release|Any CPU.ActiveCfg = Release|Any CPU
		{DAF613D1-18FF-4923-B295-23377F8B441E}.Release|Any CPU.Build.0 = Release|Any CPU
		{DAF613D1-18FF-4923-B295-23377F8B441E}.Release|x64.ActiveCfg = Release|Any CPU
		{DAF613D1-18FF-4923-B295-23377F8B441E}.Release|x64.Build.0 = Release|Any CPU
		{DAF613D1-18FF-4923-B295-23377F8B441E}.Release|x86.ActiveCfg = Release|Any CPU
		{DAF613D1-18FF-4923-B295-23377F8B441E}.Release|x86.Build.0 = Release|Any CPU
		{A65E6EBE-DE0B-40D1-B921-C3C1B7C32587}.Debug|Any CPU.ActiveCfg = Debug|Any CPU
		{A65E6EBE-DE0B-40D1-B921-C3C1B7C32587}.Debug|Any CPU.Build.0 = Debug|Any CPU
		{A65E6EBE-DE0B-40D1-B921-C3C1B7C32587}.Debug|x64.ActiveCfg = Debug|Any CPU
		{A65E6EBE-DE0B-40D1-B921-C3C1B7C32587}.Debug|x64.Build.0 = Debug|Any CPU
		{A65E6EBE-DE0B-40D1-B921-C3C1B7C32587}.Debug|x86.ActiveCfg = Debug|Any CPU
		{A65E6EBE-DE0B-40D1-B921-C3C1B7C32587}.Debug|x86.Build.0 = Debug|Any CPU
		{A65E6EBE-DE0B-40D1-B921-C3C1B7C32587}.Release|Any CPU.ActiveCfg = Release|Any CPU
		{A65E6EBE-DE0B-40D1-B921-C3C1B7C32587}.Release|Any CPU.Build.0 = Release|Any CPU
		{A65E6EBE-DE0B-40D1-B921-C3C1B7C32587}.Release|x64.ActiveCfg = Release|Any CPU
		{A65E6EBE-DE0B-40D1-B921-C3C1B7C32587}.Release|x64.Build.0 = Release|Any CPU
		{A65E6EBE-DE0B-40D1-B921-C3C1B7C32587}.Release|x86.ActiveCfg = Release|Any CPU
		{A65E6EBE-DE0B-40D1-B921-C3C1B7C32587}.Release|x86.Build.0 = Release|Any CPU
		{9D370601-1966-469C-9DF9-E7225FD03778}.Debug|Any CPU.ActiveCfg = Debug|Any CPU
		{9D370601-1966-469C-9DF9-E7225FD03778}.Debug|Any CPU.Build.0 = Debug|Any CPU
		{9D370601-1966-469C-9DF9-E7225FD03778}.Debug|x64.ActiveCfg = Debug|Any CPU
		{9D370601-1966-469C-9DF9-E7225FD03778}.Debug|x64.Build.0 = Debug|Any CPU
		{9D370601-1966-469C-9DF9-E7225FD03778}.Debug|x86.ActiveCfg = Debug|Any CPU
		{9D370601-1966-469C-9DF9-E7225FD03778}.Debug|x86.Build.0 = Debug|Any CPU
		{9D370601-1966-469C-9DF9-E7225FD03778}.Release|Any CPU.ActiveCfg = Release|Any CPU
		{9D370601-1966-469C-9DF9-E7225FD03778}.Release|Any CPU.Build.0 = Release|Any CPU
		{9D370601-1966-469C-9DF9-E7225FD03778}.Release|x64.ActiveCfg = Release|Any CPU
		{9D370601-1966-469C-9DF9-E7225FD03778}.Release|x64.Build.0 = Release|Any CPU
		{9D370601-1966-469C-9DF9-E7225FD03778}.Release|x86.ActiveCfg = Release|Any CPU
		{9D370601-1966-469C-9DF9-E7225FD03778}.Release|x86.Build.0 = Release|Any CPU
	EndGlobalSection
	GlobalSection(SolutionProperties) = preSolution
		HideSolutionNode = FALSE
	EndGlobalSection
	GlobalSection(NestedProjects) = preSolution
		{6B9EEEC5-03F9-49CC-AA67-EC0D74984810} = {827E0CD3-B72D-47B6-A68D-7590B98EB39B}
		{B8AEE806-05C4-49BA-863B-4EBF3419030E} = {827E0CD3-B72D-47B6-A68D-7590B98EB39B}
		{BD05FC7A-47B4-4DD8-82FC-B6972BA20ADD} = {827E0CD3-B72D-47B6-A68D-7590B98EB39B}
		{A6D4783D-9FBC-4452-AFE9-DD0FE504C1FF} = {827E0CD3-B72D-47B6-A68D-7590B98EB39B}
		{227149E3-73AE-4422-BC6D-47EA4322D9C5} = {827E0CD3-B72D-47B6-A68D-7590B98EB39B}
		{9E35EB09-87F5-4443-8633-F8487F987EAC} = {0AB3BF05-4346-4AA6-1389-037BE0695223}
		{DAF613D1-18FF-4923-B295-23377F8B441E} = {0AB3BF05-4346-4AA6-1389-037BE0695223}
		{A65E6EBE-DE0B-40D1-B921-C3C1B7C32587} = {827E0CD3-B72D-47B6-A68D-7590B98EB39B}
		{9D370601-1966-469C-9DF9-E7225FD03778} = {0AB3BF05-4346-4AA6-1389-037BE0695223}
	EndGlobalSection
EndGlobal
